
Microsoft Visual Studio Solution File, Format Version 12.00
# Visual Studio 15
Project("{FAE04EC0-301F-11D3-BF4B-00C04F79EFBC}") = "UnityEngine.TestRunner", "UnityEngine.TestRunner.csproj", "{BB0A2DD8-D945-B9C3-CC51-AD21257EEAEA}"
EndProject
Project("{FAE04EC0-301F-11D3-BF4B-00C04F79EFBC}") = "Unity.Mathematics", "Unity.Mathematics.csproj", "{D50D6986-4799-BBCC-DDFB-9D723A641945}"
EndProject
Project("{FAE04EC0-301F-11D3-BF4B-00C04F79EFBC}") = "Unity.2D.Animation.Triangle.Runtime", "Unity.2D.Animation.Triangle.Runtime.csproj", "{0CDE6448-0A18-5A96-7E11-CE529940E0F2}"
EndProject
Project("{FAE04EC0-301F-11D3-BF4B-00C04F79EFBC}") = "Unity.Timeline", "Unity.Timeline.csproj", "{FD13AEEA-8E44-36EA-A2AD-BA64B2E5D8B4}"
EndProject
Project("{FAE04EC0-301F-11D3-BF4B-00C04F79EFBC}") = "UnityEngine.UI", "UnityEngine.UI.csproj", "{C80DFBA8-7AAE-8153-4432-F1DEB5098A07}"
EndProject
Project("{FAE04EC0-301F-11D3-BF4B-00C04F79EFBC}") = "Unity.TextMeshPro", "Unity.TextMeshPro.csproj", "{7DAA9A59-6F57-E716-6109-80F77C61095E}"
EndProject
Project("{FAE04EC0-301F-11D3-BF4B-00C04F79EFBC}") = "Unity.2D.Animation.Runtime", "Unity.2D.Animation.Runtime.csproj", "{607AA117-8655-EF3A-FC06-CCCED6066866}"
EndProject
Project("{FAE04EC0-301F-11D3-BF4B-00C04F79EFBC}") = "Unity.2D.IK.Runtime", "Unity.2D.IK.Runtime.csproj", "{D42FCC02-D9CC-D2C2-EB92-EA6F6B8B6D59}"
EndProject
Project("{FAE04EC0-301F-11D3-BF4B-00C04F79EFBC}") = "Unity.2D.SpriteShape.Runtime", "Unity.2D.SpriteShape.Runtime.csproj", "{7AEE8CBF-BA49-61B0-89AA-F7B88181089A}"
EndProject
Project("{FAE04EC0-301F-11D3-BF4B-00C04F79EFBC}") = "Assembly-CSharp", "Assembly-CSharp.csproj", "{9E01541F-9471-C83D-4B61-C5E6CB175366}"
EndProject
Project("{FAE04EC0-301F-11D3-BF4B-00C04F79EFBC}") = "Unity.2D.PixelPerfect", "Unity.2D.PixelPerfect.csproj", "{1C35A42C-EB6C-EFAB-687E-08A75BD46A12}"
EndProject
Project("{FAE04EC0-301F-11D3-BF4B-00C04F79EFBC}") = "Unity.2D.Common.Runtime", "Unity.2D.Common.Runtime.csproj", "{724B4BA9-B365-A424-E628-5CFEA43D588F}"
EndProject
Project("{FAE04EC0-301F-11D3-BF4B-00C04F79EFBC}") = "Unity.InternalAPIEngineBridge.001", "Unity.InternalAPIEngineBridge.001.csproj", "{67F78EBB-412D-161A-A8A6-38F69AB2159F}"
EndProject
Project("{FAE04EC0-301F-11D3-BF4B-00C04F79EFBC}") = "UnityEditor.TestRunner", "UnityEditor.TestRunner.csproj", "{3CF93B7A-1549-879F-38C3-20B90E7096E6}"
EndProject
Project("{FAE04EC0-301F-11D3-BF4B-00C04F79EFBC}") = "Unity.PlasticSCM.Editor", "Unity.PlasticSCM.Editor.csproj", "{59ADE773-964F-19EA-61ED-6622C77C075B}"
EndProject
Project("{FAE04EC0-301F-11D3-BF4B-00C04F79EFBC}") = "UnityEditor.UI", "UnityEditor.UI.csproj", "{25D15AD7-6398-376B-8052-E2C99365D920}"
EndProject
Project("{FAE04EC0-301F-11D3-BF4B-00C04F79EFBC}") = "Unity.Services.Core.Editor", "Unity.Services.Core.Editor.csproj", "{EE7DA33C-E9F3-AD4A-D710-75D939F5EF50}"
EndProject
Project("{FAE04EC0-301F-11D3-BF4B-00C04F79EFBC}") = "Unity.Timeline.Editor", "Unity.Timeline.Editor.csproj", "{43EEDAED-5EE9-E19F-AB58-596AB4AFCB6B}"
EndProject
Project("{FAE04EC0-301F-11D3-BF4B-00C04F79EFBC}") = "Unity.VisualStudio.Editor", "Unity.VisualStudio.Editor.csproj", "{B034B7D1-AEAE-5BEA-A4EE-ACC7564B5183}"
EndProject
Project("{FAE04EC0-301F-11D3-BF4B-00C04F79EFBC}") = "Unity.2D.Psdimporter.Editor", "Unity.2D.Psdimporter.Editor.csproj", "{93DC731F-7BCE-F29A-D7D0-0DB0D15B942F}"
EndProject
Project("{FAE04EC0-301F-11D3-BF4B-00C04F79EFBC}") = "Unity.2D.Animation.Editor", "Unity.2D.Animation.Editor.csproj", "{E3CD5BD6-A313-2BD7-BAFE-EB70A81C3082}"
EndProject
Project("{FAE04EC0-301F-11D3-BF4B-00C04F79EFBC}") = "Unity.TextMeshPro.Editor", "Unity.TextMeshPro.Editor.csproj", "{79308F75-F91D-DB8B-4058-7493EE38FB99}"
EndProject
Project("{FAE04EC0-301F-11D3-BF4B-00C04F79EFBC}") = "Unity.2D.SpriteShape.Editor", "Unity.2D.SpriteShape.Editor.csproj", "{9DCC056F-8C03-F1B6-9DF5-9589E7B7F6BE}"
EndProject
Project("{FAE04EC0-301F-11D3-BF4B-00C04F79EFBC}") = "Unity.CollabProxy.Editor", "Unity.CollabProxy.Editor.csproj", "{1686C8B1-7F17-8406-31CE-9DA9012C95FE}"
EndProject
Project("{FAE04EC0-301F-11D3-BF4B-00C04F79EFBC}") = "PsdPlugin", "PsdPlugin.csproj", "{3EE38FAE-2522-BCDA-5FDF-3CC10A90E91F}"
EndProject
Project("{FAE04EC0-301F-11D3-BF4B-00C04F79EFBC}") = "Unity.2D.Path.Editor", "Unity.2D.Path.Editor.csproj", "{375F2AC9-04CD-E495-CC53-0EF2886284E2}"
EndProject
Project("{FAE04EC0-301F-11D3-BF4B-00C04F79EFBC}") = "Unity.Rider.Editor", "Unity.Rider.Editor.csproj", "{86DDC703-CBD0-1A25-D3CA-F0BD46ED871D}"
EndProject
Project("{FAE04EC0-301F-11D3-BF4B-00C04F79EFBC}") = "Unity.2D.IK.Editor", "Unity.2D.IK.Editor.csproj", "{64D54081-6E14-6052-A3B2-79A33B7AF357}"
EndProject
Project("{FAE04EC0-301F-11D3-BF4B-00C04F79EFBC}") = "Unity.2D.Sprite.Editor", "Unity.2D.Sprite.Editor.csproj", "{D124DAE9-D93E-B467-3FD9-44FA9096D57D}"
EndProject
Project("{FAE04EC0-301F-11D3-BF4B-00C04F79EFBC}") = "Unity.2D.Tilemap.Editor", "Unity.2D.Tilemap.Editor.csproj", "{69F217EE-C749-7CE4-CA5F-2EDB53A48960}"
EndProject
Project("{FAE04EC0-301F-11D3-BF4B-00C04F79EFBC}") = "Unity.2D.PixelPerfect.Editor", "Unity.2D.PixelPerfect.Editor.csproj", "{86A3EC53-0E61-9AC1-52C1-F0EB8985E9B6}"
EndProject
Project("{FAE04EC0-301F-11D3-BF4B-00C04F79EFBC}") = "Unity.VSCode.Editor", "Unity.VSCode.Editor.csproj", "{CD8A37FE-FA34-8A3A-68D6-F7A1ECFE302A}"
EndProject
Project("{FAE04EC0-301F-11D3-BF4B-00C04F79EFBC}") = "Unity.2D.Common.Editor", "Unity.2D.Common.Editor.csproj", "{4D7FD175-C98A-22A5-1B0D-BDB97F950574}"
EndProject
Project("{FAE04EC0-301F-11D3-BF4B-00C04F79EFBC}") = "Unity.Mathematics.Editor", "Unity.Mathematics.Editor.csproj", "{73B66A09-4170-2BD2-B88E-6870795D2AEB}"
EndProject
Project("{FAE04EC0-301F-11D3-BF4B-00C04F79EFBC}") = "Unity.InternalAPIEditorBridge.001", "Unity.InternalAPIEditorBridge.001.csproj", "{C4F7CFB8-24AE-952A-0BF5-4C013AB66CF9}"
EndProject
Project("{FAE04EC0-301F-11D3-BF4B-00C04F79EFBC}") = "UnityEngine.TestRunner", "UnityEngine.TestRunner.Player.csproj", "{BA399395-F9FD-2A39-762E-9612CEBE0EEE}"
EndProject
Project("{FAE04EC0-301F-11D3-BF4B-00C04F79EFBC}") = "Unity.Mathematics", "Unity.Mathematics.Player.csproj", "{77098ACB-B786-E650-D7D8-5A4473589276}"
EndProject
Project("{FAE04EC0-301F-11D3-BF4B-00C04F79EFBC}") = "Unity.2D.Animation.Triangle.Runtime", "Unity.2D.Animation.Triangle.Runtime.Player.csproj", "{1FEAE88B-EBC3-CA6A-E2AE-639981DC45BD}"
EndProject
Project("{FAE04EC0-301F-11D3-BF4B-00C04F79EFBC}") = "Unity.Timeline", "Unity.Timeline.Player.csproj", "{A1B63F8A-E8C8-2FA6-7C20-29A0C70EB8DD}"
EndProject
Project("{FAE04EC0-301F-11D3-BF4B-00C04F79EFBC}") = "UnityEngine.UI", "UnityEngine.UI.Player.csproj", "{5611D458-7937-261B-1078-C217EAC60B37}"
EndProject
Project("{FAE04EC0-301F-11D3-BF4B-00C04F79EFBC}") = "Unity.TextMeshPro", "Unity.TextMeshPro.Player.csproj", "{9D39FA53-478A-913C-8E8D-4D532DB98032}"
EndProject
Project("{FAE04EC0-301F-11D3-BF4B-00C04F79EFBC}") = "Unity.2D.Animation.Runtime", "Unity.2D.Animation.Runtime.Player.csproj", "{F5387307-22FB-65AD-88CD-D9045B6A29A3}"
EndProject
Project("{FAE04EC0-301F-11D3-BF4B-00C04F79EFBC}") = "Unity.2D.IK.Runtime", "Unity.2D.IK.Runtime.Player.csproj", "{EE9DB201-D5C4-3BDE-055C-D7D4C8565639}"
EndProject
Project("{FAE04EC0-301F-11D3-BF4B-00C04F79EFBC}") = "Unity.2D.SpriteShape.Runtime", "Unity.2D.SpriteShape.Runtime.Player.csproj", "{0D89441E-F00E-7974-899D-3EAC16E160D8}"
EndProject
Project("{FAE04EC0-301F-11D3-BF4B-00C04F79EFBC}") = "Assembly-CSharp", "Assembly-CSharp.Player.csproj", "{8BA26E62-5311-F961-BD09-C83C40CFB802}"
EndProject
Project("{FAE04EC0-301F-11D3-BF4B-00C04F79EFBC}") = "Unity.2D.PixelPerfect", "Unity.2D.PixelPerfect.Player.csproj", "{2FAC299C-793C-79BD-FF05-2BD92AE93387}"
EndProject
Project("{FAE04EC0-301F-11D3-BF4B-00C04F79EFBC}") = "Unity.2D.Common.Runtime", "Unity.2D.Common.Runtime.Player.csproj", "{4CE77525-0D23-BC82-DA8E-CBB8B089FBEE}"
EndProject
Project("{FAE04EC0-301F-11D3-BF4B-00C04F79EFBC}") = "Unity.InternalAPIEngineBridge.001", "Unity.InternalAPIEngineBridge.001.Player.csproj", "{61B97111-EE02-4472-3161-724BEBC25EBC}"
EndProject
Global
	GlobalSection(SolutionConfigurationPlatforms) = preSolution
		Debug|Any CPU = Debug|Any CPU
		Release|Any CPU = Release|Any CPU
	EndGlobalSection
	GlobalSection(ProjectConfigurationPlatforms) = postSolution
		{BB0A2DD8-D945-B9C3-CC51-AD21257EEAEA}.Debug|Any CPU.ActiveCfg = Debug|Any CPU
		{BB0A2DD8-D945-B9C3-CC51-AD21257EEAEA}.Debug|Any CPU.Build.0 = Debug|Any CPU
		{BB0A2DD8-D945-B9C3-CC51-AD21257EEAEA}.Release|Any CPU.ActiveCfg = Release|Any CPU
		{BB0A2DD8-D945-B9C3-CC51-AD21257EEAEA}.Release|Any CPU.Build.0 = Release|Any CPU
		{D50D6986-4799-BBCC-DDFB-9D723A641945}.Debug|Any CPU.ActiveCfg = Debug|Any CPU
		{D50D6986-4799-BBCC-DDFB-9D723A641945}.Debug|Any CPU.Build.0 = Debug|Any CPU
		{D50D6986-4799-BBCC-DDFB-9D723A641945}.Release|Any CPU.ActiveCfg = Release|Any CPU
		{D50D6986-4799-BBCC-DDFB-9D723A641945}.Release|Any CPU.Build.0 = Release|Any CPU
		{0CDE6448-0A18-5A96-7E11-CE529940E0F2}.Debug|Any CPU.ActiveCfg = Debug|Any CPU
		{0CDE6448-0A18-5A96-7E11-CE529940E0F2}.Debug|Any CPU.Build.0 = Debug|Any CPU
		{0CDE6448-0A18-5A96-7E11-CE529940E0F2}.Release|Any CPU.ActiveCfg = Release|Any CPU
		{0CDE6448-0A18-5A96-7E11-CE529940E0F2}.Release|Any CPU.Build.0 = Release|Any CPU
		{FD13AEEA-8E44-36EA-A2AD-BA64B2E5D8B4}.Debug|Any CPU.ActiveCfg = Debug|Any CPU
		{FD13AEEA-8E44-36EA-A2AD-BA64B2E5D8B4}.Debug|Any CPU.Build.0 = Debug|Any CPU
		{FD13AEEA-8E44-36EA-A2AD-BA64B2E5D8B4}.Release|Any CPU.ActiveCfg = Release|Any CPU
		{FD13AEEA-8E44-36EA-A2AD-BA64B2E5D8B4}.Release|Any CPU.Build.0 = Release|Any CPU
		{C80DFBA8-7AAE-8153-4432-F1DEB5098A07}.Debug|Any CPU.ActiveCfg = Debug|Any CPU
		{C80DFBA8-7AAE-8153-4432-F1DEB5098A07}.Debug|Any CPU.Build.0 = Debug|Any CPU
		{C80DFBA8-7AAE-8153-4432-F1DEB5098A07}.Release|Any CPU.ActiveCfg = Release|Any CPU
		{C80DFBA8-7AAE-8153-4432-F1DEB5098A07}.Release|Any CPU.Build.0 = Release|Any CPU
		{7DAA9A59-6F57-E716-6109-80F77C61095E}.Debug|Any CPU.ActiveCfg = Debug|Any CPU
		{7DAA9A59-6F57-E716-6109-80F77C61095E}.Debug|Any CPU.Build.0 = Debug|Any CPU
		{7DAA9A59-6F57-E716-6109-80F77C61095E}.Release|Any CPU.ActiveCfg = Release|Any CPU
		{7DAA9A59-6F57-E716-6109-80F77C61095E}.Release|Any CPU.Build.0 = Release|Any CPU
		{607AA117-8655-EF3A-FC06-CCCED6066866}.Debug|Any CPU.ActiveCfg = Debug|Any CPU
		{607AA117-8655-EF3A-FC06-CCCED6066866}.Debug|Any CPU.Build.0 = Debug|Any CPU
		{607AA117-8655-EF3A-FC06-CCCED6066866}.Release|Any CPU.ActiveCfg = Release|Any CPU
		{607AA117-8655-EF3A-FC06-CCCED6066866}.Release|Any CPU.Build.0 = Release|Any CPU
		{D42FCC02-D9CC-D2C2-EB92-EA6F6B8B6D59}.Debug|Any CPU.ActiveCfg = Debug|Any CPU
		{D42FCC02-D9CC-D2C2-EB92-EA6F6B8B6D59}.Debug|Any CPU.Build.0 = Debug|Any CPU
		{D42FCC02-D9CC-D2C2-EB92-EA6F6B8B6D59}.Release|Any CPU.ActiveCfg = Release|Any CPU
		{D42FCC02-D9CC-D2C2-EB92-EA6F6B8B6D59}.Release|Any CPU.Build.0 = Release|Any CPU
		{7AEE8CBF-BA49-61B0-89AA-F7B88181089A}.Debug|Any CPU.ActiveCfg = Debug|Any CPU
		{7AEE8CBF-BA49-61B0-89AA-F7B88181089A}.Debug|Any CPU.Build.0 = Debug|Any CPU
		{7AEE8CBF-BA49-61B0-89AA-F7B88181089A}.Release|Any CPU.ActiveCfg = Release|Any CPU
		{7AEE8CBF-BA49-61B0-89AA-F7B88181089A}.Release|Any CPU.Build.0 = Release|Any CPU
		{9E01541F-9471-C83D-4B61-C5E6CB175366}.Debug|Any CPU.ActiveCfg = Debug|Any CPU
		{9E01541F-9471-C83D-4B61-C5E6CB175366}.Debug|Any CPU.Build.0 = Debug|Any CPU
		{9E01541F-9471-C83D-4B61-C5E6CB175366}.Release|Any CPU.ActiveCfg = Release|Any CPU
		{9E01541F-9471-C83D-4B61-C5E6CB175366}.Release|Any CPU.Build.0 = Release|Any CPU
		{1C35A42C-EB6C-EFAB-687E-08A75BD46A12}.Debug|Any CPU.ActiveCfg = Debug|Any CPU
		{1C35A42C-EB6C-EFAB-687E-08A75BD46A12}.Debug|Any CPU.Build.0 = Debug|Any CPU
		{1C35A42C-EB6C-EFAB-687E-08A75BD46A12}.Release|Any CPU.ActiveCfg = Release|Any CPU
		{1C35A42C-EB6C-EFAB-687E-08A75BD46A12}.Release|Any CPU.Build.0 = Release|Any CPU
		{724B4BA9-B365-A424-E628-5CFEA43D588F}.Debug|Any CPU.ActiveCfg = Debug|Any CPU
		{724B4BA9-B365-A424-E628-5CFEA43D588F}.Debug|Any CPU.Build.0 = Debug|Any CPU
		{724B4BA9-B365-A424-E628-5CFEA43D588F}.Release|Any CPU.ActiveCfg = Release|Any CPU
		{724B4BA9-B365-A424-E628-5CFEA43D588F}.Release|Any CPU.Build.0 = Release|Any CPU
		{67F78EBB-412D-161A-A8A6-38F69AB2159F}.Debug|Any CPU.ActiveCfg = Debug|Any CPU
		{67F78EBB-412D-161A-A8A6-38F69AB2159F}.Debug|Any CPU.Build.0 = Debug|Any CPU
		{67F78EBB-412D-161A-A8A6-38F69AB2159F}.Release|Any CPU.ActiveCfg = Release|Any CPU
		{67F78EBB-412D-161A-A8A6-38F69AB2159F}.Release|Any CPU.Build.0 = Release|Any CPU
		{3CF93B7A-1549-879F-38C3-20B90E7096E6}.Debug|Any CPU.ActiveCfg = Debug|Any CPU
		{3CF93B7A-1549-879F-38C3-20B90E7096E6}.Debug|Any CPU.Build.0 = Debug|Any CPU
		{3CF93B7A-1549-879F-38C3-20B90E7096E6}.Release|Any CPU.ActiveCfg = Release|Any CPU
		{3CF93B7A-1549-879F-38C3-20B90E7096E6}.Release|Any CPU.Build.0 = Release|Any CPU
		{59ADE773-964F-19EA-61ED-6622C77C075B}.Debug|Any CPU.ActiveCfg = Debug|Any CPU
		{59ADE773-964F-19EA-61ED-6622C77C075B}.Debug|Any CPU.Build.0 = Debug|Any CPU
		{59ADE773-964F-19EA-61ED-6622C77C075B}.Release|Any CPU.ActiveCfg = Release|Any CPU
		{59ADE773-964F-19EA-61ED-6622C77C075B}.Release|Any CPU.Build.0 = Release|Any CPU
		{25D15AD7-6398-376B-8052-E2C99365D920}.Debug|Any CPU.ActiveCfg = Debug|Any CPU
		{25D15AD7-6398-376B-8052-E2C99365D920}.Debug|Any CPU.Build.0 = Debug|Any CPU
		{25D15AD7-6398-376B-8052-E2C99365D920}.Release|Any CPU.ActiveCfg = Release|Any CPU
		{25D15AD7-6398-376B-8052-E2C99365D920}.Release|Any CPU.Build.0 = Release|Any CPU
		{EE7DA33C-E9F3-AD4A-D710-75D939F5EF50}.Debug|Any CPU.ActiveCfg = Debug|Any CPU
		{EE7DA33C-E9F3-AD4A-D710-75D939F5EF50}.Debug|Any CPU.Build.0 = Debug|Any CPU
		{EE7DA33C-E9F3-AD4A-D710-75D939F5EF50}.Release|Any CPU.ActiveCfg = Release|Any CPU
		{EE7DA33C-E9F3-AD4A-D710-75D939F5EF50}.Release|Any CPU.Build.0 = Release|Any CPU
		{43EEDAED-5EE9-E19F-AB58-596AB4AFCB6B}.Debug|Any CPU.ActiveCfg = Debug|Any CPU
		{43EEDAED-5EE9-E19F-AB58-596AB4AFCB6B}.Debug|Any CPU.Build.0 = Debug|Any CPU
		{43EEDAED-5EE9-E19F-AB58-596AB4AFCB6B}.Release|Any CPU.ActiveCfg = Release|Any CPU
		{43EEDAED-5EE9-E19F-AB58-596AB4AFCB6B}.Release|Any CPU.Build.0 = Release|Any CPU
		{B034B7D1-AEAE-5BEA-A4EE-ACC7564B5183}.Debug|Any CPU.ActiveCfg = Debug|Any CPU
		{B034B7D1-AEAE-5BEA-A4EE-ACC7564B5183}.Debug|Any CPU.Build.0 = Debug|Any CPU
		{B034B7D1-AEAE-5BEA-A4EE-ACC7564B5183}.Release|Any CPU.ActiveCfg = Release|Any CPU
		{B034B7D1-AEAE-5BEA-A4EE-ACC7564B5183}.Release|Any CPU.Build.0 = Release|Any CPU
		{93DC731F-7BCE-F29A-D7D0-0DB0D15B942F}.Debug|Any CPU.ActiveCfg = Debug|Any CPU
		{93DC731F-7BCE-F29A-D7D0-0DB0D15B942F}.Debug|Any CPU.Build.0 = Debug|Any CPU
		{93DC731F-7BCE-F29A-D7D0-0DB0D15B942F}.Release|Any CPU.ActiveCfg = Release|Any CPU
		{93DC731F-7BCE-F29A-D7D0-0DB0D15B942F}.Release|Any CPU.Build.0 = Release|Any CPU
		{E3CD5BD6-A313-2BD7-BAFE-EB70A81C3082}.Debug|Any CPU.ActiveCfg = Debug|Any CPU
		{E3CD5BD6-A313-2BD7-BAFE-EB70A81C3082}.Debug|Any CPU.Build.0 = Debug|Any CPU
		{E3CD5BD6-A313-2BD7-BAFE-EB70A81C3082}.Release|Any CPU.ActiveCfg = Release|Any CPU
		{E3CD5BD6-A313-2BD7-BAFE-EB70A81C3082}.Release|Any CPU.Build.0 = Release|Any CPU
		{79308F75-F91D-DB8B-4058-7493EE38FB99}.Debug|Any CPU.ActiveCfg = Debug|Any CPU
		{79308F75-F91D-DB8B-4058-7493EE38FB99}.Debug|Any CPU.Build.0 = Debug|Any CPU
		{79308F75-F91D-DB8B-4058-7493EE38FB99}.Release|Any CPU.ActiveCfg = Release|Any CPU
		{79308F75-F91D-DB8B-4058-7493EE38FB99}.Release|Any CPU.Build.0 = Release|Any CPU
		{9DCC056F-8C03-F1B6-9DF5-9589E7B7F6BE}.Debug|Any CPU.ActiveCfg = Debug|Any CPU
		{9DCC056F-8C03-F1B6-9DF5-9589E7B7F6BE}.Debug|Any CPU.Build.0 = Debug|Any CPU
		{9DCC056F-8C03-F1B6-9DF5-9589E7B7F6BE}.Release|Any CPU.ActiveCfg = Release|Any CPU
		{9DCC056F-8C03-F1B6-9DF5-9589E7B7F6BE}.Release|Any CPU.Build.0 = Release|Any CPU
		{1686C8B1-7F17-8406-31CE-9DA9012C95FE}.Debug|Any CPU.ActiveCfg = Debug|Any CPU
		{1686C8B1-7F17-8406-31CE-9DA9012C95FE}.Debug|Any CPU.Build.0 = Debug|Any CPU
		{1686C8B1-7F17-8406-31CE-9DA9012C95FE}.Release|Any CPU.ActiveCfg = Release|Any CPU
		{1686C8B1-7F17-8406-31CE-9DA9012C95FE}.Release|Any CPU.Build.0 = Release|Any CPU
		{3EE38FAE-2522-BCDA-5FDF-3CC10A90E91F}.Debug|Any CPU.ActiveCfg = Debug|Any CPU
		{3EE38FAE-2522-BCDA-5FDF-3CC10A90E91F}.Debug|Any CPU.Build.0 = Debug|Any CPU
		{3EE38FAE-2522-BCDA-5FDF-3CC10A90E91F}.Release|Any CPU.ActiveCfg = Release|Any CPU
		{3EE38FAE-2522-BCDA-5FDF-3CC10A90E91F}.Release|Any CPU.Build.0 = Release|Any CPU
		{375F2AC9-04CD-E495-CC53-0EF2886284E2}.Debug|Any CPU.ActiveCfg = Debug|Any CPU
		{375F2AC9-04CD-E495-CC53-0EF2886284E2}.Debug|Any CPU.Build.0 = Debug|Any CPU
		{375F2AC9-04CD-E495-CC53-0EF2886284E2}.Release|Any CPU.ActiveCfg = Release|Any CPU
		{375F2AC9-04CD-E495-CC53-0EF2886284E2}.Release|Any CPU.Build.0 = Release|Any CPU
		{86DDC703-CBD0-1A25-D3CA-F0BD46ED871D}.Debug|Any CPU.ActiveCfg = Debug|Any CPU
		{86DDC703-CBD0-1A25-D3CA-F0BD46ED871D}.Debug|Any CPU.Build.0 = Debug|Any CPU
		{86DDC703-CBD0-1A25-D3CA-F0BD46ED871D}.Release|Any CPU.ActiveCfg = Release|Any CPU
		{86DDC703-CBD0-1A25-D3CA-F0BD46ED871D}.Release|Any CPU.Build.0 = Release|Any CPU
		{64D54081-6E14-6052-A3B2-79A33B7AF357}.Debug|Any CPU.ActiveCfg = Debug|Any CPU
		{64D54081-6E14-6052-A3B2-79A33B7AF357}.Debug|Any CPU.Build.0 = Debug|Any CPU
		{64D54081-6E14-6052-A3B2-79A33B7AF357}.Release|Any CPU.ActiveCfg = Release|Any CPU
		{64D54081-6E14-6052-A3B2-79A33B7AF357}.Release|Any CPU.Build.0 = Release|Any CPU
		{D124DAE9-D93E-B467-3FD9-44FA9096D57D}.Debug|Any CPU.ActiveCfg = Debug|Any CPU
		{D124DAE9-D93E-B467-3FD9-44FA9096D57D}.Debug|Any CPU.Build.0 = Debug|Any CPU
		{D124DAE9-D93E-B467-3FD9-44FA9096D57D}.Release|Any CPU.ActiveCfg = Release|Any CPU
		{D124DAE9-D93E-B467-3FD9-44FA9096D57D}.Release|Any CPU.Build.0 = Release|Any CPU
		{69F217EE-C749-7CE4-CA5F-2EDB53A48960}.Debug|Any CPU.ActiveCfg = Debug|Any CPU
		{69F217EE-C749-7CE4-CA5F-2EDB53A48960}.Debug|Any CPU.Build.0 = Debug|Any CPU
		{69F217EE-C749-7CE4-CA5F-2EDB53A48960}.Release|Any CPU.ActiveCfg = Release|Any CPU
		{69F217EE-C749-7CE4-CA5F-2EDB53A48960}.Release|Any CPU.Build.0 = Release|Any CPU
		{86A3EC53-0E61-9AC1-52C1-F0EB8985E9B6}.Debug|Any CPU.ActiveCfg = Debug|Any CPU
		{86A3EC53-0E61-9AC1-52C1-F0EB8985E9B6}.Debug|Any CPU.Build.0 = Debug|Any CPU
		{86A3EC53-0E61-9AC1-52C1-F0EB8985E9B6}.Release|Any CPU.ActiveCfg = Release|Any CPU
		{86A3EC53-0E61-9AC1-52C1-F0EB8985E9B6}.Release|Any CPU.Build.0 = Release|Any CPU
		{CD8A37FE-FA34-8A3A-68D6-F7A1ECFE302A}.Debug|Any CPU.ActiveCfg = Debug|Any CPU
		{CD8A37FE-FA34-8A3A-68D6-F7A1ECFE302A}.Debug|Any CPU.Build.0 = Debug|Any CPU
		{CD8A37FE-FA34-8A3A-68D6-F7A1ECFE302A}.Release|Any CPU.ActiveCfg = Release|Any CPU
		{CD8A37FE-FA34-8A3A-68D6-F7A1ECFE302A}.Release|Any CPU.Build.0 = Release|Any CPU
		{4D7FD175-C98A-22A5-1B0D-BDB97F950574}.Debug|Any CPU.ActiveCfg = Debug|Any CPU
		{4D7FD175-C98A-22A5-1B0D-BDB97F950574}.Debug|Any CPU.Build.0 = Debug|Any CPU
		{4D7FD175-C98A-22A5-1B0D-BDB97F950574}.Release|Any CPU.ActiveCfg = Release|Any CPU
		{4D7FD175-C98A-22A5-1B0D-BDB97F950574}.Release|Any CPU.Build.0 = Release|Any CPU
		{73B66A09-4170-2BD2-B88E-6870795D2AEB}.Debug|Any CPU.ActiveCfg = Debug|Any CPU
		{73B66A09-4170-2BD2-B88E-6870795D2AEB}.Debug|Any CPU.Build.0 = Debug|Any CPU
		{73B66A09-4170-2BD2-B88E-6870795D2AEB}.Release|Any CPU.ActiveCfg = Release|Any CPU
		{73B66A09-4170-2BD2-B88E-6870795D2AEB}.Release|Any CPU.Build.0 = Release|Any CPU
		{C4F7CFB8-24AE-952A-0BF5-4C013AB66CF9}.Debug|Any CPU.ActiveCfg = Debug|Any CPU
		{C4F7CFB8-24AE-952A-0BF5-4C013AB66CF9}.Debug|Any CPU.Build.0 = Debug|Any CPU
		{C4F7CFB8-24AE-952A-0BF5-4C013AB66CF9}.Release|Any CPU.ActiveCfg = Release|Any CPU
		{C4F7CFB8-24AE-952A-0BF5-4C013AB66CF9}.Release|Any CPU.Build.0 = Release|Any CPU
		{BA399395-F9FD-2A39-762E-9612CEBE0EEE}.Debug|Any CPU.ActiveCfg = Debug|Any CPU
		{BA399395-F9FD-2A39-762E-9612CEBE0EEE}.Debug|Any CPU.Build.0 = Debug|Any CPU
		{BA399395-F9FD-2A39-762E-9612CEBE0EEE}.Release|Any CPU.ActiveCfg = Release|Any CPU
		{BA399395-F9FD-2A39-762E-9612CEBE0EEE}.Release|Any CPU.Build.0 = Release|Any CPU
		{77098ACB-B786-E650-D7D8-5A4473589276}.Debug|Any CPU.ActiveCfg = Debug|Any CPU
		{77098ACB-B786-E650-D7D8-5A4473589276}.Debug|Any CPU.Build.0 = Debug|Any CPU
		{77098ACB-B786-E650-D7D8-5A4473589276}.Release|Any CPU.ActiveCfg = Release|Any CPU
		{77098ACB-B786-E650-D7D8-5A4473589276}.Release|Any CPU.Build.0 = Release|Any CPU
		{1FEAE88B-EBC3-CA6A-E2AE-639981DC45BD}.Debug|Any CPU.ActiveCfg = Debug|Any CPU
		{1FEAE88B-EBC3-CA6A-E2AE-639981DC45BD}.Debug|Any CPU.Build.0 = Debug|Any CPU
		{1FEAE88B-EBC3-CA6A-E2AE-639981DC45BD}.Release|Any CPU.ActiveCfg = Release|Any CPU
		{1FEAE88B-EBC3-CA6A-E2AE-639981DC45BD}.Release|Any CPU.Build.0 = Release|Any CPU
		{A1B63F8A-E8C8-2FA6-7C20-29A0C70EB8DD}.Debug|Any CPU.ActiveCfg = Debug|Any CPU
		{A1B63F8A-E8C8-2FA6-7C20-29A0C70EB8DD}.Debug|Any CPU.Build.0 = Debug|Any CPU
		{A1B63F8A-E8C8-2FA6-7C20-29A0C70EB8DD}.Release|Any CPU.ActiveCfg = Release|Any CPU
		{A1B63F8A-E8C8-2FA6-7C20-29A0C70EB8DD}.Release|Any CPU.Build.0 = Release|Any CPU
		{5611D458-7937-261B-1078-C217EAC60B37}.Debug|Any CPU.ActiveCfg = Debug|Any CPU
		{5611D458-7937-261B-1078-C217EAC60B37}.Debug|Any CPU.Build.0 = Debug|Any CPU
		{5611D458-7937-261B-1078-C217EAC60B37}.Release|Any CPU.ActiveCfg = Release|Any CPU
		{5611D458-7937-261B-1078-C217EAC60B37}.Release|Any CPU.Build.0 = Release|Any CPU
		{9D39FA53-478A-913C-8E8D-4D532DB98032}.Debug|Any CPU.ActiveCfg = Debug|Any CPU
		{9D39FA53-478A-913C-8E8D-4D532DB98032}.Debug|Any CPU.Build.0 = Debug|Any CPU
		{9D39FA53-478A-913C-8E8D-4D532DB98032}.Release|Any CPU.ActiveCfg = Release|Any CPU
		{9D39FA53-478A-913C-8E8D-4D532DB98032}.Release|Any CPU.Build.0 = Release|Any CPU
		{F5387307-22FB-65AD-88CD-D9045B6A29A3}.Debug|Any CPU.ActiveCfg = Debug|Any CPU
		{F5387307-22FB-65AD-88CD-D9045B6A29A3}.Debug|Any CPU.Build.0 = Debug|Any CPU
		{F5387307-22FB-65AD-88CD-D9045B6A29A3}.Release|Any CPU.ActiveCfg = Release|Any CPU
		{F5387307-22FB-65AD-88CD-D9045B6A29A3}.Release|Any CPU.Build.0 = Release|Any CPU
		{EE9DB201-D5C4-3BDE-055C-D7D4C8565639}.Debug|Any CPU.ActiveCfg = Debug|Any CPU
		{EE9DB201-D5C4-3BDE-055C-D7D4C8565639}.Debug|Any CPU.Build.0 = Debug|Any CPU
		{EE9DB201-D5C4-3BDE-055C-D7D4C8565639}.Release|Any CPU.ActiveCfg = Release|Any CPU
		{EE9DB201-D5C4-3BDE-055C-D7D4C8565639}.Release|Any CPU.Build.0 = Release|Any CPU
		{0D89441E-F00E-7974-899D-3EAC16E160D8}.Debug|Any CPU.ActiveCfg = Debug|Any CPU
		{0D89441E-F00E-7974-899D-3EAC16E160D8}.Debug|Any CPU.Build.0 = Debug|Any CPU
		{0D89441E-F00E-7974-899D-3EAC16E160D8}.Release|Any CPU.ActiveCfg = Release|Any CPU
		{0D89441E-F00E-7974-899D-3EAC16E160D8}.Release|Any CPU.Build.0 = Release|Any CPU
		{8BA26E62-5311-F961-BD09-C83C40CFB802}.Debug|Any CPU.ActiveCfg = Debug|Any CPU
		{8BA26E62-5311-F961-BD09-C83C40CFB802}.Debug|Any CPU.Build.0 = Debug|Any CPU
		{8BA26E62-5311-F961-BD09-C83C40CFB802}.Release|Any CPU.ActiveCfg = Release|Any CPU
		{8BA26E62-5311-F961-BD09-C83C40CFB802}.Release|Any CPU.Build.0 = Release|Any CPU
		{2FAC299C-793C-79BD-FF05-2BD92AE93387}.Debug|Any CPU.ActiveCfg = Debug|Any CPU
		{2FAC299C-793C-79BD-FF05-2BD92AE93387}.Debug|Any CPU.Build.0 = Debug|Any CPU
		{2FAC299C-793C-79BD-FF05-2BD92AE93387}.Release|Any CPU.ActiveCfg = Release|Any CPU
		{2FAC299C-793C-79BD-FF05-2BD92AE93387}.Release|Any CPU.Build.0 = Release|Any CPU
		{4CE77525-0D23-BC82-DA8E-CBB8B089FBEE}.Debug|Any CPU.ActiveCfg = Debug|Any CPU
		{4CE77525-0D23-BC82-DA8E-CBB8B089FBEE}.Debug|Any CPU.Build.0 = Debug|Any CPU
		{4CE77525-0D23-BC82-DA8E-CBB8B089FBEE}.Release|Any CPU.ActiveCfg = Release|Any CPU
		{4CE77525-0D23-BC82-DA8E-CBB8B089FBEE}.Release|Any CPU.Build.0 = Release|Any CPU
		{61B97111-EE02-4472-3161-724BEBC25EBC}.Debug|Any CPU.ActiveCfg = Debug|Any CPU
		{61B97111-EE02-4472-3161-724BEBC25EBC}.Debug|Any CPU.Build.0 = Debug|Any CPU
		{61B97111-EE02-4472-3161-724BEBC25EBC}.Release|Any CPU.ActiveCfg = Release|Any CPU
		{61B97111-EE02-4472-3161-724BEBC25EBC}.Release|Any CPU.Build.0 = Release|Any CPU
	EndGlobalSection
	GlobalSection(SolutionProperties) = preSolution
		HideSolutionNode = FALSE
	EndGlobalSection
EndGlobal
